
Microsoft Visual Studio Solution File, Format Version 12.00
# Visual Studio Version 17
VisualStudioVersion = 17.4.33403.182
MinimumVisualStudioVersion = 10.0.40219.1
Project("{FAE04EC0-301F-11D3-BF4B-00C04F79EFBC}") = "CSharpCalculator", "CSharpCalculator\CSharpCalculator.csproj", "{A46977A6-22E7-4D8F-A402-542ADA13AC04}"
EndProject
Global
	GlobalSection(SolutionConfigurationPlatforms) = preSolution
		Debug|Any CPU = Debug|Any CPU
		Release|Any CPU = Release|Any CPU
	EndGlobalSection
	GlobalSection(ProjectConfigurationPlatforms) = postSolution
		{A46977A6-22E7-4D8F-A402-542ADA13AC04}.Debug|Any CPU.ActiveCfg = Debug|Any CPU
		{A46977A6-22E7-4D8F-A402-542ADA13AC04}.Debug|Any CPU.Build.0 = Debug|Any CPU
		{A46977A6-22E7-4D8F-A402-542ADA13AC04}.Release|Any CPU.ActiveCfg = Release|Any CPU
		{A46977A6-22E7-4D8F-A402-542ADA13AC04}.Release|Any CPU.Build.0 = Release|Any CPU
	EndGlobalSection
	GlobalSection(SolutionProperties) = preSolution
		HideSolutionNode = FALSE
	EndGlobalSection
	GlobalSection(ExtensibilityGlobals) = postSolution
		SolutionGuid = {B5CBFC70-9728-4C99-8A56-E6397C5673B1}
	EndGlobalSection
EndGlobal
