
Microsoft Visual Studio Solution File, Format Version 12.00
# Visual Studio Version 17
VisualStudioVersion = 17.4.33403.182
MinimumVisualStudioVersion = 10.0.40219.1
Project("{FAE04EC0-301F-11D3-BF4B-00C04F79EFBC}") = "rock-paper-scissors", "rock-paper-scissors\rock-paper-scissors.csproj", "{C728A48B-88A3-44E9-9C2D-389C13B214BF}"
EndProject
Global
	GlobalSection(SolutionConfigurationPlatforms) = preSolution
		Debug|Any CPU = Debug|Any CPU
		Release|Any CPU = Release|Any CPU
	EndGlobalSection
	GlobalSection(ProjectConfigurationPlatforms) = postSolution
		{C728A48B-88A3-44E9-9C2D-389C13B214BF}.Debug|Any CPU.ActiveCfg = Debug|Any CPU
		{C728A48B-88A3-44E9-9C2D-389C13B214BF}.Debug|Any CPU.Build.0 = Debug|Any CPU
		{C728A48B-88A3-44E9-9C2D-389C13B214BF}.Release|Any CPU.ActiveCfg = Release|Any CPU
		{C728A48B-88A3-44E9-9C2D-389C13B214BF}.Release|Any CPU.Build.0 = Release|Any CPU
	EndGlobalSection
	GlobalSection(SolutionProperties) = preSolution
		HideSolutionNode = FALSE
	EndGlobalSection
	GlobalSection(ExtensibilityGlobals) = postSolution
		SolutionGuid = {EAC3EEE0-B71B-4FC2-865C-3E5A2E688B8D}
	EndGlobalSection
EndGlobal
